
Microsoft Visual Studio Solution File, Format Version 12.00
# Visual Studio 15
VisualStudioVersion = 15.0.27004.2010
MinimumVisualStudioVersion = 10.0.40219.1
Project("{FAE04EC0-301F-11D3-BF4B-00C04F79EFBC}") = "Implementation", "Implementation\Implementation.csproj", "{166509F5-E175-4763-9477-6BCB249CEC46}"
EndProject
Project("{FAE04EC0-301F-11D3-BF4B-00C04F79EFBC}") = "Tests", "Tests\Tests.csproj", "{ACB54A19-CFF2-426F-BFCB-1EE92C39EBD0}"
EndProject
Global
	GlobalSection(SolutionConfigurationPlatforms) = preSolution
		Debug|Any CPU = Debug|Any CPU
		Release|Any CPU = Release|Any CPU
	EndGlobalSection
	GlobalSection(ProjectConfigurationPlatforms) = postSolution
		{166509F5-E175-4763-9477-6BCB249CEC46}.Debug|Any CPU.ActiveCfg = Debug|Any CPU
		{166509F5-E175-4763-9477-6BCB249CEC46}.Debug|Any CPU.Build.0 = Debug|Any CPU
		{166509F5-E175-4763-9477-6BCB249CEC46}.Release|Any CPU.ActiveCfg = Release|Any CPU
		{166509F5-E175-4763-9477-6BCB249CEC46}.Release|Any CPU.Build.0 = Release|Any CPU
		{ACB54A19-CFF2-426F-BFCB-1EE92C39EBD0}.Debug|Any CPU.ActiveCfg = Debug|Any CPU
		{ACB54A19-CFF2-426F-BFCB-1EE92C39EBD0}.Debug|Any CPU.Build.0 = Debug|Any CPU
		{ACB54A19-CFF2-426F-BFCB-1EE92C39EBD0}.Release|Any CPU.ActiveCfg = Release|Any CPU
		{ACB54A19-CFF2-426F-BFCB-1EE92C39EBD0}.Release|Any CPU.Build.0 = Release|Any CPU
	EndGlobalSection
	GlobalSection(SolutionProperties) = preSolution
		HideSolutionNode = FALSE
	EndGlobalSection
	GlobalSection(ExtensibilityGlobals) = postSolution
		SolutionGuid = {AF4C69A0-692F-4626-AEBF-6F68CC5758B5}
	EndGlobalSection
EndGlobal
