
Microsoft Visual Studio Solution File, Format Version 12.00
# Visual Studio 15
VisualStudioVersion = 15.0.27004.2010
MinimumVisualStudioVersion = 10.0.40219.1
Project("{2150E333-8FDC-42A3-9474-1A3956D46DE8}") = "Solution Items", "Solution Items", "{BFC0A7CC-8891-4113-BF60-59F965461F7B}"
	ProjectSection(SolutionItems) = preProject
		..\fake.bat = ..\fake.bat
		..\fake.fsx = ..\fake.fsx
		..\paket.dependencies = ..\paket.dependencies
		..\README.md = ..\README.md
		SolutionInfo.cs = SolutionInfo.cs
		..\VERSION = ..\VERSION
	EndProjectSection
EndProject
Project("{FAE04EC0-301F-11D3-BF4B-00C04F79EFBC}") = "Core", "Core\Core.csproj", "{68E9EC27-04AA-4967-94D5-B1CA2992A55B}"
EndProject
Project("{FAE04EC0-301F-11D3-BF4B-00C04F79EFBC}") = "Tests", "Tests\Tests.csproj", "{D4081C8A-C370-4F81-BDCB-DE73358C97DF}"
EndProject
Project("{2150E333-8FDC-42A3-9474-1A3956D46DE8}") = "Examples", "Examples", "{8587C1F4-67E9-4697-ADD8-398679BC1956}"
EndProject
Project("{2150E333-8FDC-42A3-9474-1A3956D46DE8}") = "HasSurvivingMutants", "HasSurvivingMutants", "{CEA638DD-15B1-49DC-BAB3-CC5950E637D1}"
EndProject
Project("{FAE04EC0-301F-11D3-BF4B-00C04F79EFBC}") = "HasSurvivingMutants.Implementation", "Examples\HasSurvivingMutants\Implementation\HasSurvivingMutants.Implementation.csproj", "{79EBCF73-AFC0-45F4-B3A0-91ADF1EB0EDC}"
EndProject
Project("{FAE04EC0-301F-11D3-BF4B-00C04F79EFBC}") = "HasSurvivingMutants.Tests", "Examples\HasSurvivingMutants\Tests\HasSurvivingMutants.Tests.csproj", "{38845271-3D17-45CF-BA6B-B9E0A2D7AB87}"
EndProject
Project("{FAE04EC0-301F-11D3-BF4B-00C04F79EFBC}") = "Console", "Console\Console.csproj", "{783AD0D0-ADC0-4081-9A1F-E0146DFBF28B}"
EndProject
Project("{FAE04EC0-301F-11D3-BF4B-00C04F79EFBC}") = "HasSurvivingMutants.MoreImplementation", "Examples\HasSurvivingMutants\MoreImplementation\HasSurvivingMutants.MoreImplementation.csproj", "{F75582B2-6DC6-4A9F-94EA-92A28BB54620}"
EndProject
Project("{FAE04EC0-301F-11D3-BF4B-00C04F79EFBC}") = "HasSurvivingMutants.MoreTests", "Examples\HasSurvivingMutants\MoreTests\HasSurvivingMutants.MoreTests.csproj", "{34C25829-148F-4838-93D8-31F2F531FF2B}"
EndProject
Global
	GlobalSection(SolutionConfigurationPlatforms) = preSolution
		Debug|Any CPU = Debug|Any CPU
		Release|Any CPU = Release|Any CPU
	EndGlobalSection
	GlobalSection(ProjectConfigurationPlatforms) = postSolution
		{68E9EC27-04AA-4967-94D5-B1CA2992A55B}.Debug|Any CPU.ActiveCfg = Debug|Any CPU
		{68E9EC27-04AA-4967-94D5-B1CA2992A55B}.Debug|Any CPU.Build.0 = Debug|Any CPU
		{68E9EC27-04AA-4967-94D5-B1CA2992A55B}.Release|Any CPU.ActiveCfg = Release|Any CPU
		{68E9EC27-04AA-4967-94D5-B1CA2992A55B}.Release|Any CPU.Build.0 = Release|Any CPU
		{D4081C8A-C370-4F81-BDCB-DE73358C97DF}.Debug|Any CPU.ActiveCfg = Debug|Any CPU
		{D4081C8A-C370-4F81-BDCB-DE73358C97DF}.Debug|Any CPU.Build.0 = Debug|Any CPU
		{D4081C8A-C370-4F81-BDCB-DE73358C97DF}.Release|Any CPU.ActiveCfg = Release|Any CPU
		{D4081C8A-C370-4F81-BDCB-DE73358C97DF}.Release|Any CPU.Build.0 = Release|Any CPU
		{79EBCF73-AFC0-45F4-B3A0-91ADF1EB0EDC}.Debug|Any CPU.ActiveCfg = Debug|Any CPU
		{79EBCF73-AFC0-45F4-B3A0-91ADF1EB0EDC}.Debug|Any CPU.Build.0 = Debug|Any CPU
		{79EBCF73-AFC0-45F4-B3A0-91ADF1EB0EDC}.Release|Any CPU.ActiveCfg = Release|Any CPU
		{79EBCF73-AFC0-45F4-B3A0-91ADF1EB0EDC}.Release|Any CPU.Build.0 = Release|Any CPU
		{38845271-3D17-45CF-BA6B-B9E0A2D7AB87}.Debug|Any CPU.ActiveCfg = Debug|Any CPU
		{38845271-3D17-45CF-BA6B-B9E0A2D7AB87}.Debug|Any CPU.Build.0 = Debug|Any CPU
		{38845271-3D17-45CF-BA6B-B9E0A2D7AB87}.Release|Any CPU.ActiveCfg = Release|Any CPU
		{38845271-3D17-45CF-BA6B-B9E0A2D7AB87}.Release|Any CPU.Build.0 = Release|Any CPU
		{783AD0D0-ADC0-4081-9A1F-E0146DFBF28B}.Debug|Any CPU.ActiveCfg = Debug|Any CPU
		{783AD0D0-ADC0-4081-9A1F-E0146DFBF28B}.Debug|Any CPU.Build.0 = Debug|Any CPU
		{783AD0D0-ADC0-4081-9A1F-E0146DFBF28B}.Release|Any CPU.ActiveCfg = Release|Any CPU
		{783AD0D0-ADC0-4081-9A1F-E0146DFBF28B}.Release|Any CPU.Build.0 = Release|Any CPU
		{F75582B2-6DC6-4A9F-94EA-92A28BB54620}.Debug|Any CPU.ActiveCfg = Debug|Any CPU
		{F75582B2-6DC6-4A9F-94EA-92A28BB54620}.Debug|Any CPU.Build.0 = Debug|Any CPU
		{F75582B2-6DC6-4A9F-94EA-92A28BB54620}.Release|Any CPU.ActiveCfg = Release|Any CPU
		{F75582B2-6DC6-4A9F-94EA-92A28BB54620}.Release|Any CPU.Build.0 = Release|Any CPU
		{34C25829-148F-4838-93D8-31F2F531FF2B}.Debug|Any CPU.ActiveCfg = Debug|Any CPU
		{34C25829-148F-4838-93D8-31F2F531FF2B}.Debug|Any CPU.Build.0 = Debug|Any CPU
		{34C25829-148F-4838-93D8-31F2F531FF2B}.Release|Any CPU.ActiveCfg = Release|Any CPU
		{34C25829-148F-4838-93D8-31F2F531FF2B}.Release|Any CPU.Build.0 = Release|Any CPU
	EndGlobalSection
	GlobalSection(SolutionProperties) = preSolution
		HideSolutionNode = FALSE
	EndGlobalSection
	GlobalSection(NestedProjects) = preSolution
		{CEA638DD-15B1-49DC-BAB3-CC5950E637D1} = {8587C1F4-67E9-4697-ADD8-398679BC1956}
		{79EBCF73-AFC0-45F4-B3A0-91ADF1EB0EDC} = {CEA638DD-15B1-49DC-BAB3-CC5950E637D1}
		{38845271-3D17-45CF-BA6B-B9E0A2D7AB87} = {CEA638DD-15B1-49DC-BAB3-CC5950E637D1}
		{F75582B2-6DC6-4A9F-94EA-92A28BB54620} = {CEA638DD-15B1-49DC-BAB3-CC5950E637D1}
		{34C25829-148F-4838-93D8-31F2F531FF2B} = {CEA638DD-15B1-49DC-BAB3-CC5950E637D1}
	EndGlobalSection
	GlobalSection(ExtensibilityGlobals) = postSolution
		SolutionGuid = {DAD0BD6E-E1AE-4929-A93B-E653F1D3BF41}
	EndGlobalSection
EndGlobal
